
Microsoft Visual Studio Solution File, Format Version 12.00
# Visual Studio Version 16
VisualStudioVersion = 16.0.30104.148
MinimumVisualStudioVersion = 10.0.40219.1
Project("{FAE04EC0-301F-11D3-BF4B-00C04F79EFBC}") = "UnitTestFormFile", "UnitTestFormFile\UnitTestFormFile.csproj", "{C2A4256D-2A41-4A02-94A6-5A571A22B8F0}"
EndProject
Project("{FAE04EC0-301F-11D3-BF4B-00C04F79EFBC}") = "Services", "Services\Services.csproj", "{857CDDE9-BC1C-4098-968B-EC27093ED624}"
EndProject
Project("{FAE04EC0-301F-11D3-BF4B-00C04F79EFBC}") = "Services.Test", "Services.Test\Services.Test.csproj", "{CF8C30DF-3254-4D0D-B66B-100A8EA97732}"
EndProject
Global
	GlobalSection(SolutionConfigurationPlatforms) = preSolution
		Debug|Any CPU = Debug|Any CPU
		Release|Any CPU = Release|Any CPU
	EndGlobalSection
	GlobalSection(ProjectConfigurationPlatforms) = postSolution
		{C2A4256D-2A41-4A02-94A6-5A571A22B8F0}.Debug|Any CPU.ActiveCfg = Debug|Any CPU
		{C2A4256D-2A41-4A02-94A6-5A571A22B8F0}.Debug|Any CPU.Build.0 = Debug|Any CPU
		{C2A4256D-2A41-4A02-94A6-5A571A22B8F0}.Release|Any CPU.ActiveCfg = Release|Any CPU
		{C2A4256D-2A41-4A02-94A6-5A571A22B8F0}.Release|Any CPU.Build.0 = Release|Any CPU
		{857CDDE9-BC1C-4098-968B-EC27093ED624}.Debug|Any CPU.ActiveCfg = Debug|Any CPU
		{857CDDE9-BC1C-4098-968B-EC27093ED624}.Debug|Any CPU.Build.0 = Debug|Any CPU
		{857CDDE9-BC1C-4098-968B-EC27093ED624}.Release|Any CPU.ActiveCfg = Release|Any CPU
		{857CDDE9-BC1C-4098-968B-EC27093ED624}.Release|Any CPU.Build.0 = Release|Any CPU
		{CF8C30DF-3254-4D0D-B66B-100A8EA97732}.Debug|Any CPU.ActiveCfg = Debug|Any CPU
		{CF8C30DF-3254-4D0D-B66B-100A8EA97732}.Debug|Any CPU.Build.0 = Debug|Any CPU
		{CF8C30DF-3254-4D0D-B66B-100A8EA97732}.Release|Any CPU.ActiveCfg = Release|Any CPU
		{CF8C30DF-3254-4D0D-B66B-100A8EA97732}.Release|Any CPU.Build.0 = Release|Any CPU
	EndGlobalSection
	GlobalSection(SolutionProperties) = preSolution
		HideSolutionNode = FALSE
	EndGlobalSection
	GlobalSection(ExtensibilityGlobals) = postSolution
		SolutionGuid = {FA506F29-1511-426A-A0E1-4A55552BF5CB}
	EndGlobalSection
EndGlobal
